// !$*UTF8*$!
{
	archiveVersion = 1;
	classes = {
	};
	objectVersion = 50;
	objects = {

/* Begin PBXBuildFile section */
		03E964DD207E1D340050E952 /* AppDelegate.swift in Sources */ = {isa = PBXBuildFile; fileRef = 03E964DC207E1D340050E952 /* AppDelegate.swift */; };
		03E964DF207E1D340050E952 /* ViewController.swift in Sources */ = {isa = PBXBuildFile; fileRef = 03E964DE207E1D340050E952 /* ViewController.swift */; };
		03E964E2207E1D340050E952 /* Main.storyboard in Resources */ = {isa = PBXBuildFile; fileRef = 03E964E0207E1D340050E952 /* Main.storyboard */; };
		03E964E4207E1D350050E952 /* Assets.xcassets in Resources */ = {isa = PBXBuildFile; fileRef = 03E964E3207E1D350050E952 /* Assets.xcassets */; };
		03E964E7207E1D350050E952 /* LaunchScreen.storyboard in Resources */ = {isa = PBXBuildFile; fileRef = 03E964E5207E1D350050E952 /* LaunchScreen.storyboard */; };
		03E964F2207E1D360050E952 /* Mobisem_UI2Tests.swift in Sources */ = {isa = PBXBuildFile; fileRef = 03E964F1207E1D360050E952 /* Mobisem_UI2Tests.swift */; };
		03E964FD207E1D360050E952 /* Mobisem_UI2UITests.swift in Sources */ = {isa = PBXBuildFile; fileRef = 03E964FC207E1D360050E952 /* Mobisem_UI2UITests.swift */; };
/* End PBXBuildFile section */

/* Begin PBXContainerItemProxy section */
		03E964EE207E1D360050E952 /* PBXContainerItemProxy */ = {
			isa = PBXContainerItemProxy;
			containerPortal = 03E964D1207E1D340050E952 /* Project object */;
			proxyType = 1;
			remoteGlobalIDString = 03E964D8207E1D340050E952;
			remoteInfo = "Mobisem-UI2";
		};
		03E964F9207E1D360050E952 /* PBXContainerItemProxy */ = {
			isa = PBXContainerItemProxy;
			containerPortal = 03E964D1207E1D340050E952 /* Project object */;
			proxyType = 1;
			remoteGlobalIDString = 03E964D8207E1D340050E952;
			remoteInfo = "Mobisem-UI2";
		};
/* End PBXContainerItemProxy section */

/* Begin PBXFileReference section */
		03E964D9207E1D340050E952 /* Mobisem-UI2.app */ = {isa = PBXFileReference; explicitFileType = wrapper.application; includeInIndex = 0; path = "Mobisem-UI2.app"; sourceTree = BUILT_PRODUCTS_DIR; };
		03E964DC207E1D340050E952 /* AppDelegate.swift */ = {isa = PBXFileReference; lastKnownFileType = sourcecode.swift; path = AppDelegate.swift; sourceTree = "<group>"; };
		03E964DE207E1D340050E952 /* ViewController.swift */ = {isa = PBXFileReference; lastKnownFileType = sourcecode.swift; path = ViewController.swift; sourceTree = "<group>"; };
		03E964E1207E1D340050E952 /* Base */ = {isa = PBXFileReference; lastKnownFileType = file.storyboard; name = Base; path = Base.lproj/Main.storyboard; sourceTree = "<group>"; };
		03E964E3207E1D350050E952 /* Assets.xcassets */ = {isa = PBXFileReference; lastKnownFileType = folder.assetcatalog; path = Assets.xcassets; sourceTree = "<group>"; };
		03E964E6207E1D350050E952 /* Base */ = {isa = PBXFileReference; lastKnownFileType = file.storyboard; name = Base; path = Base.lproj/LaunchScreen.storyboard; sourceTree = "<group>"; };
		03E964E8207E1D350050E952 /* Info.plist */ = {isa = PBXFileReference; lastKnownFileType = text.plist.xml; path = Info.plist; sourceTree = "<group>"; };
		03E964ED207E1D360050E952 /* Mobisem-UI2Tests.xctest */ = {isa = PBXFileReference; explicitFileType = wrapper.cfbundle; includeInIndex = 0; path = "Mobisem-UI2Tests.xctest"; sourceTree = BUILT_PRODUCTS_DIR; };
		03E964F1207E1D360050E952 /* Mobisem_UI2Tests.swift */ = {isa = PBXFileReference; lastKnownFileType = sourcecode.swift; path = Mobisem_UI2Tests.swift; sourceTree = "<group>"; };
		03E964F3207E1D360050E952 /* Info.plist */ = {isa = PBXFileReference; lastKnownFileType = text.plist.xml; path = Info.plist; sourceTree = "<group>"; };
		03E964F8207E1D360050E952 /* Mobisem-UI2UITests.xctest */ = {isa = PBXFileReference; explicitFileType = wrapper.cfbundle; includeInIndex = 0; path = "Mobisem-UI2UITests.xctest"; sourceTree = BUILT_PRODUCTS_DIR; };
		03E964FC207E1D360050E952 /* Mobisem_UI2UITests.swift */ = {isa = PBXFileReference; lastKnownFileType = sourcecode.swift; path = Mobisem_UI2UITests.swift; sourceTree = "<group>"; };
		03E964FE207E1D360050E952 /* Info.plist */ = {isa = PBXFileReference; lastKnownFileType = text.plist.xml; path = Info.plist; sourceTree = "<group>"; };
/* End PBXFileReference section */

/* Begin PBXFrameworksBuildPhase section */
		03E964D6207E1D340050E952 /* Frameworks */ = {
			isa = PBXFrameworksBuildPhase;
			buildActionMask = 2147483647;
			files = (
			);
			runOnlyForDeploymentPostprocessing = 0;
		};
		03E964EA207E1D360050E952 /* Frameworks */ = {
			isa = PBXFrameworksBuildPhase;
			buildActionMask = 2147483647;
			files = (
			);
			runOnlyForDeploymentPostprocessing = 0;
		};
		03E964F5207E1D360050E952 /* Frameworks */ = {
			isa = PBXFrameworksBuildPhase;
			buildActionMask = 2147483647;
			files = (
			);
			runOnlyForDeploymentPostprocessing = 0;
		};
/* End PBXFrameworksBuildPhase section */

/* Begin PBXGroup section */
		03E964D0207E1D340050E952 = {
			isa = PBXGroup;
			children = (
				03E964DB207E1D340050E952 /* Mobisem-UI2 */,
				03E964F0207E1D360050E952 /* Mobisem-UI2Tests */,
				03E964FB207E1D360050E952 /* Mobisem-UI2UITests */,
				03E964DA207E1D340050E952 /* Products */,
			);
			sourceTree = "<group>";
		};
		03E964DA207E1D340050E952 /* Products */ = {
			isa = PBXGroup;
			children = (
				03E964D9207E1D340050E952 /* Mobisem-UI2.app */,
				03E964ED207E1D360050E952 /* Mobisem-UI2Tests.xctest */,
				03E964F8207E1D360050E952 /* Mobisem-UI2UITests.xctest */,
			);
			name = Products;
			sourceTree = "<group>";
		};
		03E964DB207E1D340050E952 /* Mobisem-UI2 */ = {
			isa = PBXGroup;
			children = (
				03E964DC207E1D340050E952 /* AppDelegate.swift */,
				03E964DE207E1D340050E952 /* ViewController.swift */,
				03E964E0207E1D340050E952 /* Main.storyboard */,
				03E964E3207E1D350050E952 /* Assets.xcassets */,
				03E964E5207E1D350050E952 /* LaunchScreen.storyboard */,
				03E964E8207E1D350050E952 /* Info.plist */,
			);
			path = "Mobisem-UI2";
			sourceTree = "<group>";
		};
		03E964F0207E1D360050E952 /* Mobisem-UI2Tests */ = {
			isa = PBXGroup;
			children = (
				03E964F1207E1D360050E952 /* Mobisem_UI2Tests.swift */,
				03E964F3207E1D360050E952 /* Info.plist */,
			);
			path = "Mobisem-UI2Tests";
			sourceTree = "<group>";
		};
		03E964FB207E1D360050E952 /* Mobisem-UI2UITests */ = {
			isa = PBXGroup;
			children = (
				03E964FC207E1D360050E952 /* Mobisem_UI2UITests.swift */,
				03E964FE207E1D360050E952 /* Info.plist */,
			);
			path = "Mobisem-UI2UITests";
			sourceTree = "<group>";
		};
/* End PBXGroup section */

/* Begin PBXNativeTarget section */
		03E964D8207E1D340050E952 /* Mobisem-UI2 */ = {
			isa = PBXNativeTarget;
			buildConfigurationList = 03E96501207E1D360050E952 /* Build configuration list for PBXNativeTarget "Mobisem-UI2" */;
			buildPhases = (
				03E964D5207E1D340050E952 /* Sources */,
				03E964D6207E1D340050E952 /* Frameworks */,
				03E964D7207E1D340050E952 /* Resources */,
			);
			buildRules = (
			);
			dependencies = (
			);
			name = "Mobisem-UI2";
			productName = "Mobisem-UI2";
			productReference = 03E964D9207E1D340050E952 /* Mobisem-UI2.app */;
			productType = "com.apple.product-type.application";
		};
		03E964EC207E1D360050E952 /* Mobisem-UI2Tests */ = {
			isa = PBXNativeTarget;
			buildConfigurationList = 03E96504207E1D360050E952 /* Build configuration list for PBXNativeTarget "Mobisem-UI2Tests" */;
			buildPhases = (
				03E964E9207E1D360050E952 /* Sources */,
				03E964EA207E1D360050E952 /* Frameworks */,
				03E964EB207E1D360050E952 /* Resources */,
			);
			buildRules = (
			);
			dependencies = (
				03E964EF207E1D360050E952 /* PBXTargetDependency */,
			);
			name = "Mobisem-UI2Tests";
			productName = "Mobisem-UI2Tests";
			productReference = 03E964ED207E1D360050E952 /* Mobisem-UI2Tests.xctest */;
			productType = "com.apple.product-type.bundle.unit-test";
		};
		03E964F7207E1D360050E952 /* Mobisem-UI2UITests */ = {
			isa = PBXNativeTarget;
			buildConfigurationList = 03E96507207E1D360050E952 /* Build configuration list for PBXNativeTarget "Mobisem-UI2UITests" */;
			buildPhases = (
				03E964F4207E1D360050E952 /* Sources */,
				03E964F5207E1D360050E952 /* Frameworks */,
				03E964F6207E1D360050E952 /* Resources */,
			);
			buildRules = (
			);
			dependencies = (
				03E964FA207E1D360050E952 /* PBXTargetDependency */,
			);
			name = "Mobisem-UI2UITests";
			productName = "Mobisem-UI2UITests";
			productReference = 03E964F8207E1D360050E952 /* Mobisem-UI2UITests.xctest */;
			productType = "com.apple.product-type.bundle.ui-testing";
		};
/* End PBXNativeTarget section */

/* Begin PBXProject section */
		03E964D1207E1D340050E952 /* Project object */ = {
			isa = PBXProject;
			attributes = {
				LastSwiftUpdateCheck = 0930;
				LastUpgradeCheck = 0930;
				ORGANIZATIONNAME = mkolcalar;
				TargetAttributes = {
					03E964D8207E1D340050E952 = {
						CreatedOnToolsVersion = 9.3;
					};
					03E964EC207E1D360050E952 = {
						CreatedOnToolsVersion = 9.3;
						TestTargetID = 03E964D8207E1D340050E952;
					};
					03E964F7207E1D360050E952 = {
						CreatedOnToolsVersion = 9.3;
						TestTargetID = 03E964D8207E1D340050E952;
					};
				};
			};
			buildConfigurationList = 03E964D4207E1D340050E952 /* Build configuration list for PBXProject "Mobisem-UI2" */;
			compatibilityVersion = "Xcode 9.3";
			developmentRegion = en;
			hasScannedForEncodings = 0;
			knownRegions = (
				en,
				Base,
			);
			mainGroup = 03E964D0207E1D340050E952;
			productRefGroup = 03E964DA207E1D340050E952 /* Products */;
			projectDirPath = "";
			projectRoot = "";
			targets = (
				03E964D8207E1D340050E952 /* Mobisem-UI2 */,
				03E964EC207E1D360050E952 /* Mobisem-UI2Tests */,
				03E964F7207E1D360050E952 /* Mobisem-UI2UITests */,
			);
		};
/* End PBXProject section */

/* Begin PBXResourcesBuildPhase section */
		03E964D7207E1D340050E952 /* Resources */ = {
			isa = PBXResourcesBuildPhase;
			buildActionMask = 2147483647;
			files = (
				03E964E7207E1D350050E952 /* LaunchScreen.storyboard in Resources */,
				03E964E4207E1D350050E952 /* Assets.xcassets in Resources */,
				03E964E2207E1D340050E952 /* Main.storyboard in Resources */,
			);
			runOnlyForDeploymentPostprocessing = 0;
		};
		03E964EB207E1D360050E952 /* Resources */ = {
			isa = PBXResourcesBuildPhase;
			buildActionMask = 2147483647;
			files = (
			);
			runOnlyForDeploymentPostprocessing = 0;
		};
		03E964F6207E1D360050E952 /* Resources */ = {
			isa = PBXResourcesBuildPhase;
			buildActionMask = 2147483647;
			files = (
			);
			runOnlyForDeploymentPostprocessing = 0;
		};
/* End PBXResourcesBuildPhase section */

/* Begin PBXSourcesBuildPhase section */
		03E964D5207E1D340050E952 /* Sources */ = {
			isa = PBXSourcesBuildPhase;
			buildActionMask = 2147483647;
			files = (
				03E964DF207E1D340050E952 /* ViewController.swift in Sources */,
				03E964DD207E1D340050E952 /* AppDelegate.swift in Sources */,
			);
			runOnlyForDeploymentPostprocessing = 0;
		};
		03E964E9207E1D360050E952 /* Sources */ = {
			isa = PBXSourcesBuildPhase;
			buildActionMask = 2147483647;
			files = (
				03E964F2207E1D360050E952 /* Mobisem_UI2Tests.swift in Sources */,
			);
			runOnlyForDeploymentPostprocessing = 0;
		};
		03E964F4207E1D360050E952 /* Sources */ = {
			isa = PBXSourcesBuildPhase;
			buildActionMask = 2147483647;
			files = (
				03E964FD207E1D360050E952 /* Mobisem_UI2UITests.swift in Sources */,
			);
			runOnlyForDeploymentPostprocessing = 0;
		};
/* End PBXSourcesBuildPhase section */

/* Begin PBXTargetDependency section */
		03E964EF207E1D360050E952 /* PBXTargetDependency */ = {
			isa = PBXTargetDependency;
			target = 03E964D8207E1D340050E952 /* Mobisem-UI2 */;
			targetProxy = 03E964EE207E1D360050E952 /* PBXContainerItemProxy */;
		};
		03E964FA207E1D360050E952 /* PBXTargetDependency */ = {
			isa = PBXTargetDependency;
			target = 03E964D8207E1D340050E952 /* Mobisem-UI2 */;
			targetProxy = 03E964F9207E1D360050E952 /* PBXContainerItemProxy */;
		};
/* End PBXTargetDependency section */

/* Begin PBXVariantGroup section */
		03E964E0207E1D340050E952 /* Main.storyboard */ = {
			isa = PBXVariantGroup;
			children = (
				03E964E1207E1D340050E952 /* Base */,
			);
			name = Main.storyboard;
			sourceTree = "<group>";
		};
		03E964E5207E1D350050E952 /* LaunchScreen.storyboard */ = {
			isa = PBXVariantGroup;
			children = (
				03E964E6207E1D350050E952 /* Base */,
			);
			name = LaunchScreen.storyboard;
			sourceTree = "<group>";
		};
/* End PBXVariantGroup section */

/* Begin XCBuildConfiguration section */
		03E964FF207E1D360050E952 /* Debug */ = {
			isa = XCBuildConfiguration;
			buildSettings = {
				ALWAYS_SEARCH_USER_PATHS = NO;
				CLANG_ANALYZER_NONNULL = YES;
				CLANG_ANALYZER_NUMBER_OBJECT_CONVERSION = YES_AGGRESSIVE;
				CLANG_CXX_LANGUAGE_STANDARD = "gnu++14";
				CLANG_CXX_LIBRARY = "libc++";
				CLANG_ENABLE_MODULES = YES;
				CLANG_ENABLE_OBJC_ARC = YES;
				CLANG_ENABLE_OBJC_WEAK = YES;
				CLANG_WARN_BLOCK_CAPTURE_AUTORELEASING = YES;
				CLANG_WARN_BOOL_CONVERSION = YES;
				CLANG_WARN_COMMA = YES;
				CLANG_WARN_CONSTANT_CONVERSION = YES;
				CLANG_WARN_DEPRECATED_OBJC_IMPLEMENTATIONS = YES;
				CLANG_WARN_DIRECT_OBJC_ISA_USAGE = YES_ERROR;
				CLANG_WARN_DOCUMENTATION_COMMENTS = YES;
				CLANG_WARN_EMPTY_BODY = YES;
				CLANG_WARN_ENUM_CONVERSION = YES;
				CLANG_WARN_INFINITE_RECURSION = YES;
				CLANG_WARN_INT_CONVERSION = YES;
				CLANG_WARN_NON_LITERAL_NULL_CONVERSION = YES;
				CLANG_WARN_OBJC_IMPLICIT_RETAIN_SELF = YES;
				CLANG_WARN_OBJC_LITERAL_CONVERSION = YES;
				CLANG_WARN_OBJC_ROOT_CLASS = YES_ERROR;
				CLANG_WARN_RANGE_LOOP_ANALYSIS = YES;
				CLANG_WARN_STRICT_PROTOTYPES = YES;
				CLANG_WARN_SUSPICIOUS_MOVE = YES;
				CLANG_WARN_UNGUARDED_AVAILABILITY = YES_AGGRESSIVE;
				CLANG_WARN_UNREACHABLE_CODE = YES;
				CLANG_WARN__DUPLICATE_METHOD_MATCH = YES;
				CODE_SIGN_IDENTITY = "iPhone Developer";
				COPY_PHASE_STRIP = NO;
				DEBUG_INFORMATION_FORMAT = dwarf;
				ENABLE_STRICT_OBJC_MSGSEND = YES;
				ENABLE_TESTABILITY = YES;
				GCC_C_LANGUAGE_STANDARD = gnu11;
				GCC_DYNAMIC_NO_PIC = NO;
				GCC_NO_COMMON_BLOCKS = YES;
				GCC_OPTIMIZATION_LEVEL = 0;
				GCC_PREPROCESSOR_DEFINITIONS = (
					"DEBUG=1",
					"$(inherited)",
				);
				GCC_WARN_64_TO_32_BIT_CONVERSION = YES;
				GCC_WARN_ABOUT_RETURN_TYPE = YES_ERROR;
				GCC_WARN_UNDECLARED_SELECTOR = YES;
				GCC_WARN_UNINITIALIZED_AUTOS = YES_AGGRESSIVE;
				GCC_WARN_UNUSED_FUNCTION = YES;
				GCC_WARN_UNUSED_VARIABLE = YES;
				IPHONEOS_DEPLOYMENT_TARGET = 11.3;
				MTL_ENABLE_DEBUG_INFO = YES;
				ONLY_ACTIVE_ARCH = YES;
				SDKROOT = iphoneos;
				SWIFT_ACTIVE_COMPILATION_CONDITIONS = DEBUG;
				SWIFT_OPTIMIZATION_LEVEL = "-Onone";
			};
			name = Debug;
		};
		03E96500207E1D360050E952 /* Release */ = {
			isa = XCBuildConfiguration;
			buildSettings = {
				ALWAYS_SEARCH_USER_PATHS = NO;
				CLANG_ANALYZER_NONNULL = YES;
				CLANG_ANALYZER_NUMBER_OBJECT_CONVERSION = YES_AGGRESSIVE;
				CLANG_CXX_LANGUAGE_STANDARD = "gnu++14";
				CLANG_CXX_LIBRARY = "libc++";
				CLANG_ENABLE_MODULES = YES;
				CLANG_ENABLE_OBJC_ARC = YES;
				CLANG_ENABLE_OBJC_WEAK = YES;
				CLANG_WARN_BLOCK_CAPTURE_AUTORELEASING = YES;
				CLANG_WARN_BOOL_CONVERSION = YES;
				CLANG_WARN_COMMA = YES;
				CLANG_WARN_CONSTANT_CONVERSION = YES;
				CLANG_WARN_DEPRECATED_OBJC_IMPLEMENTATIONS = YES;
				CLANG_WARN_DIRECT_OBJC_ISA_USAGE = YES_ERROR;
				CLANG_WARN_DOCUMENTATION_COMMENTS = YES;
				CLANG_WARN_EMPTY_BODY = YES;
				CLANG_WARN_ENUM_CONVERSION = YES;
				CLANG_WARN_INFINITE_RECURSION = YES;
				CLANG_WARN_INT_CONVERSION = YES;
				CLANG_WARN_NON_LITERAL_NULL_CONVERSION = YES;
				CLANG_WARN_OBJC_IMPLICIT_RETAIN_SELF = YES;
				CLANG_WARN_OBJC_LITERAL_CONVERSION = YES;
				CLANG_WARN_OBJC_ROOT_CLASS = YES_ERROR;
				CLANG_WARN_RANGE_LOOP_ANALYSIS = YES;
				CLANG_WARN_STRICT_PROTOTYPES = YES;
				CLANG_WARN_SUSPICIOUS_MOVE = YES;
				CLANG_WARN_UNGUARDED_AVAILABILITY = YES_AGGRESSIVE;
				CLANG_WARN_UNREACHABLE_CODE = YES;
				CLANG_WARN__DUPLICATE_METHOD_MATCH = YES;
				CODE_SIGN_IDENTITY = "iPhone Developer";
				COPY_PHASE_STRIP = NO;
				DEBUG_INFORMATION_FORMAT = "dwarf-with-dsym";
				ENABLE_NS_ASSERTIONS = NO;
				ENABLE_STRICT_OBJC_MSGSEND = YES;
				GCC_C_LANGUAGE_STANDARD = gnu11;
				GCC_NO_COMMON_BLOCKS = YES;
				GCC_WARN_64_TO_32_BIT_CONVERSION = YES;
				GCC_WARN_ABOUT_RETURN_TYPE = YES_ERROR;
				GCC_WARN_UNDECLARED_SELECTOR = YES;
				GCC_WARN_UNINITIALIZED_AUTOS = YES_AGGRESSIVE;
				GCC_WARN_UNUSED_FUNCTION = YES;
				GCC_WARN_UNUSED_VARIABLE = YES;
				IPHONEOS_DEPLOYMENT_TARGET = 11.3;
				MTL_ENABLE_DEBUG_INFO = NO;
				SDKROOT = iphoneos;
				SWIFT_COMPILATION_MODE = wholemodule;
				SWIFT_OPTIMIZATION_LEVEL = "-O";
				VALIDATE_PRODUCT = YES;
			};
			name = Release;
		};
		03E96502207E1D360050E952 /* Debug */ = {
			isa = XCBuildConfiguration;
			buildSettings = {
				ASSETCATALOG_COMPILER_APPICON_NAME = AppIcon;
				CODE_SIGN_STYLE = Automatic;
				INFOPLIST_FILE = "Mobisem-UI2/Info.plist";
				LD_RUNPATH_SEARCH_PATHS = (
					"$(inherited)",
					"@executable_path/Frameworks",
				);
				PRODUCT_BUNDLE_IDENTIFIER = "Mobisem.Mobisem-UI2";
				PRODUCT_NAME = "$(TARGET_NAME)";
				SWIFT_VERSION = 4.0;
				TARGETED_DEVICE_FAMILY = "1,2";
			};
			name = Debug;
		};
		03E96503207E1D360050E952 /* Release */ = {
			isa = XCBuildConfiguration;
			buildSettings = {
				ASSETCATALOG_COMPILER_APPICON_NAME = AppIcon;
				CODE_SIGN_STYLE = Automatic;
				INFOPLIST_FILE = "Mobisem-UI2/Info.plist";
				LD_RUNPATH_SEARCH_PATHS = (
					"$(inherited)",
					"@executable_path/Frameworks",
				);
				PRODUCT_BUNDLE_IDENTIFIER = "Mobisem.Mobisem-UI2";
				PRODUCT_NAME = "$(TARGET_NAME)";
				SWIFT_VERSION = 4.0;
				TARGETED_DEVICE_FAMILY = "1,2";
			};
			name = Release;
		};
		03E96505207E1D360050E952 /* Debug */ = {
			isa = XCBuildConfiguration;
			buildSettings = {
				ALWAYS_EMBED_SWIFT_STANDARD_LIBRARIES = YES;
				BUNDLE_LOADER = "$(TEST_HOST)";
				CODE_SIGN_STYLE = Automatic;
				INFOPLIST_FILE = "Mobisem-UI2Tests/Info.plist";
				LD_RUNPATH_SEARCH_PATHS = (
					"$(inherited)",
					"@executable_path/Frameworks",
					"@loader_path/Frameworks",
				);
				PRODUCT_BUNDLE_IDENTIFIER = "Mobisem.Mobisem-UI2Tests";
				PRODUCT_NAME = "$(TARGET_NAME)";
				SWIFT_VERSION = 4.0;
				TARGETED_DEVICE_FAMILY = "1,2";
				TEST_HOST = "$(BUILT_PRODUCTS_DIR)/Mobisem-UI2.app/Mobisem-UI2";
			};
			name = Debug;
		};
		03E96506207E1D360050E952 /* Release */ = {
			isa = XCBuildConfiguration;
			buildSettings = {
				ALWAYS_EMBED_SWIFT_STANDARD_LIBRARIES = YES;
				BUNDLE_LOADER = "$(TEST_HOST)";
				CODE_SIGN_STYLE = Automatic;
				INFOPLIST_FILE = "Mobisem-UI2Tests/Info.plist";
				LD_RUNPATH_SEARCH_PATHS = (
					"$(inherited)",
					"@executable_path/Frameworks",
					"@loader_path/Frameworks",
				);
				PRODUCT_BUNDLE_IDENTIFIER = "Mobisem.Mobisem-UI2Tests";
				PRODUCT_NAME = "$(TARGET_NAME)";
				SWIFT_VERSION = 4.0;
				TARGETED_DEVICE_FAMILY = "1,2";
				TEST_HOST = "$(BUILT_PRODUCTS_DIR)/Mobisem-UI2.app/Mobisem-UI2";
			};
			name = Release;
		};
		03E96508207E1D360050E952 /* Debug */ = {
			isa = XCBuildConfiguration;
			buildSettings = {
				ALWAYS_EMBED_SWIFT_STANDARD_LIBRARIES = YES;
				CODE_SIGN_STYLE = Automatic;
				INFOPLIST_FILE = "Mobisem-UI2UITests/Info.plist";
				LD_RUNPATH_SEARCH_PATHS = (
					"$(inherited)",
					"@executable_path/Frameworks",
					"@loader_path/Frameworks",
				);
				PRODUCT_BUNDLE_IDENTIFIER = "Mobisem.Mobisem-UI2UITests";
				PRODUCT_NAME = "$(TARGET_NAME)";
				SWIFT_VERSION = 4.0;
				TARGETED_DEVICE_FAMILY = "1,2";
				TEST_TARGET_NAME = "Mobisem-UI2";
			};
			name = Debug;
		};
		03E96509207E1D360050E952 /* Release */ = {
			isa = XCBuildConfiguration;
			buildSettings = {
				ALWAYS_EMBED_SWIFT_STANDARD_LIBRARIES = YES;
				CODE_SIGN_STYLE = Automatic;
				INFOPLIST_FILE = "Mobisem-UI2UITests/Info.plist";
				LD_RUNPATH_SEARCH_PATHS = (
					"$(inherited)",
					"@executable_path/Frameworks",
					"@loader_path/Frameworks",
				);
				PRODUCT_BUNDLE_IDENTIFIER = "Mobisem.Mobisem-UI2UITests";
				PRODUCT_NAME = "$(TARGET_NAME)";
				SWIFT_VERSION = 4.0;
				TARGETED_DEVICE_FAMILY = "1,2";
				TEST_TARGET_NAME = "Mobisem-UI2";
			};
			name = Release;
		};
/* End XCBuildConfiguration section */

/* Begin XCConfigurationList section */
		03E964D4207E1D340050E952 /* Build configuration list for PBXProject "Mobisem-UI2" */ = {
			isa = XCConfigurationList;
			buildConfigurations = (
				03E964FF207E1D360050E952 /* Debug */,
				03E96500207E1D360050E952 /* Release */,
			);
			defaultConfigurationIsVisible = 0;
			defaultConfigurationName = Release;
		};
		03E96501207E1D360050E952 /* Build configuration list for PBXNativeTarget "Mobisem-UI2" */ = {
			isa = XCConfigurationList;
			buildConfigurations = (
				03E96502207E1D360050E952 /* Debug */,
				03E96503207E1D360050E952 /* Release */,
			);
			defaultConfigurationIsVisible = 0;
			defaultConfigurationName = Release;
		};
		03E96504207E1D360050E952 /* Build configuration list for PBXNativeTarget "Mobisem-UI2Tests" */ = {
			isa = XCConfigurationList;
			buildConfigurations = (
				03E96505207E1D360050E952 /* Debug */,
				03E96506207E1D360050E952 /* Release */,
			);
			defaultConfigurationIsVisible = 0;
			defaultConfigurationName = Release;
		};
		03E96507207E1D360050E952 /* Build configuration list for PBXNativeTarget "Mobisem-UI2UITests" */ = {
			isa = XCConfigurationList;
			buildConfigurations = (
				03E96508207E1D360050E952 /* Debug */,
				03E96509207E1D360050E952 /* Release */,
			);
			defaultConfigurationIsVisible = 0;
			defaultConfigurationName = Release;
		};
/* End XCConfigurationList section */
	};
	rootObject = 03E964D1207E1D340050E952 /* Project object */;
}
